// !$*UTF8*$!
{
	archiveVersion = 1;
	classes = {
	};
	objectVersion = 50;
	objects = {

/* Begin PBXBuildFile section */
		BC6BD98A2231A61B000EEF25 /* AppDelegate.m in Sources */ = {isa = PBXBuildFile; fileRef = BC6BD9892231A61B000EEF25 /* AppDelegate.m */; };
		BC6BD98D2231A61B000EEF25 /* ViewController.m in Sources */ = {isa = PBXBuildFile; fileRef = BC6BD98C2231A61B000EEF25 /* ViewController.m */; };
		BC6BD9902231A61B000EEF25 /* Main.storyboard in Resources */ = {isa = PBXBuildFile; fileRef = BC6BD98E2231A61B000EEF25 /* Main.storyboard */; };
		BC6BD9922231A620000EEF25 /* Assets.xcassets in Resources */ = {isa = PBXBuildFile; fileRef = BC6BD9912231A620000EEF25 /* Assets.xcassets */; };
		BC6BD9952231A620000EEF25 /* LaunchScreen.storyboard in Resources */ = {isa = PBXBuildFile; fileRef = BC6BD9932231A620000EEF25 /* LaunchScreen.storyboard */; };
		BC6BD9982231A620000EEF25 /* main.m in Sources */ = {isa = PBXBuildFile; fileRef = BC6BD9972231A620000EEF25 /* main.m */; };
		BC6BD9AC2232E06C000EEF25 /* Screen Shot 2019-03-08 at 12.35.54 PM.png in Resources */ = {isa = PBXBuildFile; fileRef = BC6BD99E2232E067000EEF25 /* Screen Shot 2019-03-08 at 12.35.54 PM.png */; };
		BC6BD9AD2232E06C000EEF25 /* Trump6.png in Resources */ = {isa = PBXBuildFile; fileRef = BC6BD99F2232E067000EEF25 /* Trump6.png */; };
		BC6BD9AE2232E06C000EEF25 /* Trump5.png in Resources */ = {isa = PBXBuildFile; fileRef = BC6BD9A02232E068000EEF25 /* Trump5.png */; };
		BC6BD9AF2232E06C000EEF25 /* Screen Shot 2019-03-08 at 12.36.05 PM.png in Resources */ = {isa = PBXBuildFile; fileRef = BC6BD9A12232E068000EEF25 /* Screen Shot 2019-03-08 at 12.36.05 PM.png */; };
		BC6BD9B02232E06C000EEF25 /* Trump4.jpeg in Resources */ = {isa = PBXBuildFile; fileRef = BC6BD9A22232E068000EEF25 /* Trump4.jpeg */; };
		BC6BD9B12232E06C000EEF25 /* Trump3.jpeg in Resources */ = {isa = PBXBuildFile; fileRef = BC6BD9A32232E068000EEF25 /* Trump3.jpeg */; };
		BC6BD9B22232E06C000EEF25 /* Trump2.jpg in Resources */ = {isa = PBXBuildFile; fileRef = BC6BD9A42232E069000EEF25 /* Trump2.jpg */; };
		BC6BD9B32232E06C000EEF25 /* Screen Shot 2019-03-08 at 12.35.23 PM.png in Resources */ = {isa = PBXBuildFile; fileRef = BC6BD9A52232E069000EEF25 /* Screen Shot 2019-03-08 at 12.35.23 PM.png */; };
		BC6BD9B42232E06C000EEF25 /* Screen Shot 2019-03-08 at 12.36.55 PM.png in Resources */ = {isa = PBXBuildFile; fileRef = BC6BD9A62232E06A000EEF25 /* Screen Shot 2019-03-08 at 12.36.55 PM.png */; };
		BC6BD9B52232E06C000EEF25 /* Screen Shot 2019-03-08 at 12.36.38 PM.png in Resources */ = {isa = PBXBuildFile; fileRef = BC6BD9A72232E06A000EEF25 /* Screen Shot 2019-03-08 at 12.36.38 PM.png */; };
		BC6BD9B62232E06C000EEF25 /* Screen Shot 2019-03-08 at 12.36.13 PM.png in Resources */ = {isa = PBXBuildFile; fileRef = BC6BD9A82232E06A000EEF25 /* Screen Shot 2019-03-08 at 12.36.13 PM.png */; };
		BC6BD9B72232E06C000EEF25 /* Trump1.jpg in Resources */ = {isa = PBXBuildFile; fileRef = BC6BD9A92232E06B000EEF25 /* Trump1.jpg */; };
		BC6BD9B82232E06C000EEF25 /* Screen Shot 2019-03-08 at 12.36.25 PM.png in Resources */ = {isa = PBXBuildFile; fileRef = BC6BD9AA2232E06B000EEF25 /* Screen Shot 2019-03-08 at 12.36.25 PM.png */; };
		BC6BD9B92232E06C000EEF25 /* Fake1.png in Resources */ = {isa = PBXBuildFile; fileRef = BC6BD9AB2232E06B000EEF25 /* Fake1.png */; };
/* End PBXBuildFile section */

/* Begin PBXFileReference section */
		BC6BD9852231A61B000EEF25 /* MemeOrTrumpGame.app */ = {isa = PBXFileReference; explicitFileType = wrapper.application; includeInIndex = 0; path = MemeOrTrumpGame.app; sourceTree = BUILT_PRODUCTS_DIR; };
		BC6BD9882231A61B000EEF25 /* AppDelegate.h */ = {isa = PBXFileReference; lastKnownFileType = sourcecode.c.h; path = AppDelegate.h; sourceTree = "<group>"; };
		BC6BD9892231A61B000EEF25 /* AppDelegate.m */ = {isa = PBXFileReference; lastKnownFileType = sourcecode.c.objc; path = AppDelegate.m; sourceTree = "<group>"; };
		BC6BD98B2231A61B000EEF25 /* ViewController.h */ = {isa = PBXFileReference; lastKnownFileType = sourcecode.c.h; path = ViewController.h; sourceTree = "<group>"; };
		BC6BD98C2231A61B000EEF25 /* ViewController.m */ = {isa = PBXFileReference; lastKnownFileType = sourcecode.c.objc; path = ViewController.m; sourceTree = "<group>"; };
		BC6BD98F2231A61B000EEF25 /* Base */ = {isa = PBXFileReference; lastKnownFileType = file.storyboard; name = Base; path = Base.lproj/Main.storyboard; sourceTree = "<group>"; };
		BC6BD9912231A620000EEF25 /* Assets.xcassets */ = {isa = PBXFileReference; lastKnownFileType = folder.assetcatalog; path = Assets.xcassets; sourceTree = "<group>"; };
		BC6BD9942231A620000EEF25 /* Base */ = {isa = PBXFileReference; lastKnownFileType = file.storyboard; name = Base; path = Base.lproj/LaunchScreen.storyboard; sourceTree = "<group>"; };
		BC6BD9962231A620000EEF25 /* Info.plist */ = {isa = PBXFileReference; lastKnownFileType = text.plist.xml; path = Info.plist; sourceTree = "<group>"; };
		BC6BD9972231A620000EEF25 /* main.m */ = {isa = PBXFileReference; lastKnownFileType = sourcecode.c.objc; path = main.m; sourceTree = "<group>"; };
		BC6BD99E2232E067000EEF25 /* Screen Shot 2019-03-08 at 12.35.54 PM.png */ = {isa = PBXFileReference; lastKnownFileType = image.png; path = "Screen Shot 2019-03-08 at 12.35.54 PM.png"; sourceTree = "<group>"; };
		BC6BD99F2232E067000EEF25 /* Trump6.png */ = {isa = PBXFileReference; lastKnownFileType = image.png; path = Trump6.png; sourceTree = "<group>"; };
		BC6BD9A02232E068000EEF25 /* Trump5.png */ = {isa = PBXFileReference; lastKnownFileType = image.png; path = Trump5.png; sourceTree = "<group>"; };
		BC6BD9A12232E068000EEF25 /* Screen Shot 2019-03-08 at 12.36.05 PM.png */ = {isa = PBXFileReference; lastKnownFileType = image.png; path = "Screen Shot 2019-03-08 at 12.36.05 PM.png"; sourceTree = "<group>"; };
		BC6BD9A22232E068000EEF25 /* Trump4.jpeg */ = {isa = PBXFileReference; lastKnownFileType = image.jpeg; path = Trump4.jpeg; sourceTree = "<group>"; };
		BC6BD9A32232E068000EEF25 /* Trump3.jpeg */ = {isa = PBXFileReference; lastKnownFileType = image.jpeg; path = Trump3.jpeg; sourceTree = "<group>"; };
		BC6BD9A42232E069000EEF25 /* Trump2.jpg */ = {isa = PBXFileReference; lastKnownFileType = image.jpeg; path = Trump2.jpg; sourceTree = "<group>"; };
		BC6BD9A52232E069000EEF25 /* Screen Shot 2019-03-08 at 12.35.23 PM.png */ = {isa = PBXFileReference; lastKnownFileType = image.png; path = "Screen Shot 2019-03-08 at 12.35.23 PM.png"; sourceTree = "<group>"; };
		BC6BD9A62232E06A000EEF25 /* Screen Shot 2019-03-08 at 12.36.55 PM.png */ = {isa = PBXFileReference; lastKnownFileType = image.png; path = "Screen Shot 2019-03-08 at 12.36.55 PM.png"; sourceTree = "<group>"; };
		BC6BD9A72232E06A000EEF25 /* Screen Shot 2019-03-08 at 12.36.38 PM.png */ = {isa = PBXFileReference; lastKnownFileType = image.png; path = "Screen Shot 2019-03-08 at 12.36.38 PM.png"; sourceTree = "<group>"; };
		BC6BD9A82232E06A000EEF25 /* Screen Shot 2019-03-08 at 12.36.13 PM.png */ = {isa = PBXFileReference; lastKnownFileType = image.png; path = "Screen Shot 2019-03-08 at 12.36.13 PM.png"; sourceTree = "<group>"; };
		BC6BD9A92232E06B000EEF25 /* Trump1.jpg */ = {isa = PBXFileReference; lastKnownFileType = image.jpeg; path = Trump1.jpg; sourceTree = "<group>"; };
		BC6BD9AA2232E06B000EEF25 /* Screen Shot 2019-03-08 at 12.36.25 PM.png */ = {isa = PBXFileReference; lastKnownFileType = image.png; path = "Screen Shot 2019-03-08 at 12.36.25 PM.png"; sourceTree = "<group>"; };
		BC6BD9AB2232E06B000EEF25 /* Fake1.png */ = {isa = PBXFileReference; lastKnownFileType = image.png; path = Fake1.png; sourceTree = "<group>"; };
/* End PBXFileReference section */

/* Begin PBXFrameworksBuildPhase section */
		BC6BD9822231A61B000EEF25 /* Frameworks */ = {
			isa = PBXFrameworksBuildPhase;
			buildActionMask = 2147483647;
			files = (
			);
			runOnlyForDeploymentPostprocessing = 0;
		};
/* End PBXFrameworksBuildPhase section */

/* Begin PBXGroup section */
		BC6BD97C2231A61B000EEF25 = {
			isa = PBXGroup;
			children = (
				BC6BD9872231A61B000EEF25 /* MemeOrTrumpGame */,
				BC6BD9862231A61B000EEF25 /* Products */,
			);
			sourceTree = "<group>";
		};
		BC6BD9862231A61B000EEF25 /* Products */ = {
			isa = PBXGroup;
			children = (
				BC6BD9852231A61B000EEF25 /* MemeOrTrumpGame.app */,
			);
			name = Products;
			sourceTree = "<group>";
		};
		BC6BD9872231A61B000EEF25 /* MemeOrTrumpGame */ = {
			isa = PBXGroup;
			children = (
				BC6BD9AB2232E06B000EEF25 /* Fake1.png */,
				BC6BD9A52232E069000EEF25 /* Screen Shot 2019-03-08 at 12.35.23 PM.png */,
				BC6BD99E2232E067000EEF25 /* Screen Shot 2019-03-08 at 12.35.54 PM.png */,
				BC6BD9A12232E068000EEF25 /* Screen Shot 2019-03-08 at 12.36.05 PM.png */,
				BC6BD9A82232E06A000EEF25 /* Screen Shot 2019-03-08 at 12.36.13 PM.png */,
				BC6BD9AA2232E06B000EEF25 /* Screen Shot 2019-03-08 at 12.36.25 PM.png */,
				BC6BD9A72232E06A000EEF25 /* Screen Shot 2019-03-08 at 12.36.38 PM.png */,
				BC6BD9A62232E06A000EEF25 /* Screen Shot 2019-03-08 at 12.36.55 PM.png */,
				BC6BD9A92232E06B000EEF25 /* Trump1.jpg */,
				BC6BD9A42232E069000EEF25 /* Trump2.jpg */,
				BC6BD9A32232E068000EEF25 /* Trump3.jpeg */,
				BC6BD9A22232E068000EEF25 /* Trump4.jpeg */,
				BC6BD9A02232E068000EEF25 /* Trump5.png */,
				BC6BD99F2232E067000EEF25 /* Trump6.png */,
				BC6BD9882231A61B000EEF25 /* AppDelegate.h */,
				BC6BD9892231A61B000EEF25 /* AppDelegate.m */,
				BC6BD98B2231A61B000EEF25 /* ViewController.h */,
				BC6BD98C2231A61B000EEF25 /* ViewController.m */,
				BC6BD98E2231A61B000EEF25 /* Main.storyboard */,
				BC6BD9912231A620000EEF25 /* Assets.xcassets */,
				BC6BD9932231A620000EEF25 /* LaunchScreen.storyboard */,
				BC6BD9962231A620000EEF25 /* Info.plist */,
				BC6BD9972231A620000EEF25 /* main.m */,
			);
			path = MemeOrTrumpGame;
			sourceTree = "<group>";
		};
/* End PBXGroup section */

/* Begin PBXNativeTarget section */
		BC6BD9842231A61B000EEF25 /* MemeOrTrumpGame */ = {
			isa = PBXNativeTarget;
			buildConfigurationList = BC6BD99B2231A620000EEF25 /* Build configuration list for PBXNativeTarget "MemeOrTrumpGame" */;
			buildPhases = (
				BC6BD9812231A61B000EEF25 /* Sources */,
				BC6BD9822231A61B000EEF25 /* Frameworks */,
				BC6BD9832231A61B000EEF25 /* Resources */,
			);
			buildRules = (
			);
			dependencies = (
			);
			name = MemeOrTrumpGame;
			productName = MemeOrTrumpGame;
			productReference = BC6BD9852231A61B000EEF25 /* MemeOrTrumpGame.app */;
			productType = "com.apple.product-type.application";
		};
/* End PBXNativeTarget section */

/* Begin PBXProject section */
		BC6BD97D2231A61B000EEF25 /* Project object */ = {
			isa = PBXProject;
			attributes = {
				LastUpgradeCheck = 1010;
				ORGANIZATIONNAME = "Taehyun Cho";
				TargetAttributes = {
					BC6BD9842231A61B000EEF25 = {
						CreatedOnToolsVersion = 10.1;
					};
				};
			};
			buildConfigurationList = BC6BD9802231A61B000EEF25 /* Build configuration list for PBXProject "MemeOrTrumpGame" */;
			compatibilityVersion = "Xcode 9.3";
			developmentRegion = en;
			hasScannedForEncodings = 0;
			knownRegions = (
				en,
				Base,
			);
			mainGroup = BC6BD97C2231A61B000EEF25;
			productRefGroup = BC6BD9862231A61B000EEF25 /* Products */;
			projectDirPath = "";
			projectRoot = "";
			targets = (
				BC6BD9842231A61B000EEF25 /* MemeOrTrumpGame */,
			);
		};
/* End PBXProject section */

/* Begin PBXResourcesBuildPhase section */
		BC6BD9832231A61B000EEF25 /* Resources */ = {
			isa = PBXResourcesBuildPhase;
			buildActionMask = 2147483647;
			files = (
				BC6BD9952231A620000EEF25 /* LaunchScreen.storyboard in Resources */,
				BC6BD9B52232E06C000EEF25 /* Screen Shot 2019-03-08 at 12.36.38 PM.png in Resources */,
				BC6BD9AC2232E06C000EEF25 /* Screen Shot 2019-03-08 at 12.35.54 PM.png in Resources */,
				BC6BD9AE2232E06C000EEF25 /* Trump5.png in Resources */,
				BC6BD9B02232E06C000EEF25 /* Trump4.jpeg in Resources */,
				BC6BD9922231A620000EEF25 /* Assets.xcassets in Resources */,
				BC6BD9AF2232E06C000EEF25 /* Screen Shot 2019-03-08 at 12.36.05 PM.png in Resources */,
				BC6BD9B92232E06C000EEF25 /* Fake1.png in Resources */,
				BC6BD9B62232E06C000EEF25 /* Screen Shot 2019-03-08 at 12.36.13 PM.png in Resources */,
				BC6BD9B32232E06C000EEF25 /* Screen Shot 2019-03-08 at 12.35.23 PM.png in Resources */,
				BC6BD9B42232E06C000EEF25 /* Screen Shot 2019-03-08 at 12.36.55 PM.png in Resources */,
				BC6BD9B12232E06C000EEF25 /* Trump3.jpeg in Resources */,
				BC6BD9902231A61B000EEF25 /* Main.storyboard in Resources */,
				BC6BD9B82232E06C000EEF25 /* Screen Shot 2019-03-08 at 12.36.25 PM.png in Resources */,
				BC6BD9AD2232E06C000EEF25 /* Trump6.png in Resources */,
				BC6BD9B22232E06C000EEF25 /* Trump2.jpg in Resources */,
				BC6BD9B72232E06C000EEF25 /* Trump1.jpg in Resources */,
			);
			runOnlyForDeploymentPostprocessing = 0;
		};
/* End PBXResourcesBuildPhase section */

/* Begin PBXSourcesBuildPhase section */
		BC6BD9812231A61B000EEF25 /* Sources */ = {
			isa = PBXSourcesBuildPhase;
			buildActionMask = 2147483647;
			files = (
				BC6BD98D2231A61B000EEF25 /* ViewController.m in Sources */,
				BC6BD9982231A620000EEF25 /* main.m in Sources */,
				BC6BD98A2231A61B000EEF25 /* AppDelegate.m in Sources */,
			);
			runOnlyForDeploymentPostprocessing = 0;
		};
/* End PBXSourcesBuildPhase section */

/* Begin PBXVariantGroup section */
		BC6BD98E2231A61B000EEF25 /* Main.storyboard */ = {
			isa = PBXVariantGroup;
			children = (
				BC6BD98F2231A61B000EEF25 /* Base */,
			);
			name = Main.storyboard;
			sourceTree = "<group>";
		};
		BC6BD9932231A620000EEF25 /* LaunchScreen.storyboard */ = {
			isa = PBXVariantGroup;
			children = (
				BC6BD9942231A620000EEF25 /* Base */,
			);
			name = LaunchScreen.storyboard;
			sourceTree = "<group>";
		};
/* End PBXVariantGroup section */

/* Begin XCBuildConfiguration section */
		BC6BD9992231A620000EEF25 /* Debug */ = {
			isa = XCBuildConfiguration;
			buildSettings = {
				ALWAYS_SEARCH_USER_PATHS = NO;
				CLANG_ANALYZER_NONNULL = YES;
				CLANG_ANALYZER_NUMBER_OBJECT_CONVERSION = YES_AGGRESSIVE;
				CLANG_CXX_LANGUAGE_STANDARD = "gnu++14";
				CLANG_CXX_LIBRARY = "libc++";
				CLANG_ENABLE_MODULES = YES;
				CLANG_ENABLE_OBJC_ARC = YES;
				CLANG_ENABLE_OBJC_WEAK = YES;
				CLANG_WARN_BLOCK_CAPTURE_AUTORELEASING = YES;
				CLANG_WARN_BOOL_CONVERSION = YES;
				CLANG_WARN_COMMA = YES;
				CLANG_WARN_CONSTANT_CONVERSION = YES;
				CLANG_WARN_DEPRECATED_OBJC_IMPLEMENTATIONS = YES;
				CLANG_WARN_DIRECT_OBJC_ISA_USAGE = YES_ERROR;
				CLANG_WARN_DOCUMENTATION_COMMENTS = YES;
				CLANG_WARN_EMPTY_BODY = YES;
				CLANG_WARN_ENUM_CONVERSION = YES;
				CLANG_WARN_INFINITE_RECURSION = YES;
				CLANG_WARN_INT_CONVERSION = YES;
				CLANG_WARN_NON_LITERAL_NULL_CONVERSION = YES;
				CLANG_WARN_OBJC_IMPLICIT_RETAIN_SELF = YES;
				CLANG_WARN_OBJC_LITERAL_CONVERSION = YES;
				CLANG_WARN_OBJC_ROOT_CLASS = YES_ERROR;
				CLANG_WARN_RANGE_LOOP_ANALYSIS = YES;
				CLANG_WARN_STRICT_PROTOTYPES = YES;
				CLANG_WARN_SUSPICIOUS_MOVE = YES;
				CLANG_WARN_UNGUARDED_AVAILABILITY = YES_AGGRESSIVE;
				CLANG_WARN_UNREACHABLE_CODE = YES;
				CLANG_WARN__DUPLICATE_METHOD_MATCH = YES;
				CODE_SIGN_IDENTITY = "iPhone Developer";
				COPY_PHASE_STRIP = NO;
				DEBUG_INFORMATION_FORMAT = dwarf;
				ENABLE_STRICT_OBJC_MSGSEND = YES;
				ENABLE_TESTABILITY = YES;
				GCC_C_LANGUAGE_STANDARD = gnu11;
				GCC_DYNAMIC_NO_PIC = NO;
				GCC_NO_COMMON_BLOCKS = YES;
				GCC_OPTIMIZATION_LEVEL = 0;
				GCC_PREPROCESSOR_DEFINITIONS = (
					"DEBUG=1",
					"$(inherited)",
				);
				GCC_WARN_64_TO_32_BIT_CONVERSION = YES;
				GCC_WARN_ABOUT_RETURN_TYPE = YES_ERROR;
				GCC_WARN_UNDECLARED_SELECTOR = YES;
				GCC_WARN_UNINITIALIZED_AUTOS = YES_AGGRESSIVE;
				GCC_WARN_UNUSED_FUNCTION = YES;
				GCC_WARN_UNUSED_VARIABLE = YES;
				IPHONEOS_DEPLOYMENT_TARGET = 12.1;
				MTL_ENABLE_DEBUG_INFO = INCLUDE_SOURCE;
				MTL_FAST_MATH = YES;
				ONLY_ACTIVE_ARCH = YES;
				SDKROOT = iphoneos;
			};
			name = Debug;
		};
		BC6BD99A2231A620000EEF25 /* Release */ = {
			isa = XCBuildConfiguration;
			buildSettings = {
				ALWAYS_SEARCH_USER_PATHS = NO;
				CLANG_ANALYZER_NONNULL = YES;
				CLANG_ANALYZER_NUMBER_OBJECT_CONVERSION = YES_AGGRESSIVE;
				CLANG_CXX_LANGUAGE_STANDARD = "gnu++14";
				CLANG_CXX_LIBRARY = "libc++";
				CLANG_ENABLE_MODULES = YES;
				CLANG_ENABLE_OBJC_ARC = YES;
				CLANG_ENABLE_OBJC_WEAK = YES;
				CLANG_WARN_BLOCK_CAPTURE_AUTORELEASING = YES;
				CLANG_WARN_BOOL_CONVERSION = YES;
				CLANG_WARN_COMMA = YES;
				CLANG_WARN_CONSTANT_CONVERSION = YES;
				CLANG_WARN_DEPRECATED_OBJC_IMPLEMENTATIONS = YES;
				CLANG_WARN_DIRECT_OBJC_ISA_USAGE = YES_ERROR;
				CLANG_WARN_DOCUMENTATION_COMMENTS = YES;
				CLANG_WARN_EMPTY_BODY = YES;
				CLANG_WARN_ENUM_CONVERSION = YES;
				CLANG_WARN_INFINITE_RECURSION = YES;
				CLANG_WARN_INT_CONVERSION = YES;
				CLANG_WARN_NON_LITERAL_NULL_CONVERSION = YES;
				CLANG_WARN_OBJC_IMPLICIT_RETAIN_SELF = YES;
				CLANG_WARN_OBJC_LITERAL_CONVERSION = YES;
				CLANG_WARN_OBJC_ROOT_CLASS = YES_ERROR;
				CLANG_WARN_RANGE_LOOP_ANALYSIS = YES;
				CLANG_WARN_STRICT_PROTOTYPES = YES;
				CLANG_WARN_SUSPICIOUS_MOVE = YES;
				CLANG_WARN_UNGUARDED_AVAILABILITY = YES_AGGRESSIVE;
				CLANG_WARN_UNREACHABLE_CODE = YES;
				CLANG_WARN__DUPLICATE_METHOD_MATCH = YES;
				CODE_SIGN_IDENTITY = "iPhone Developer";
				COPY_PHASE_STRIP = NO;
				DEBUG_INFORMATION_FORMAT = "dwarf-with-dsym";
				ENABLE_NS_ASSERTIONS = NO;
				ENABLE_STRICT_OBJC_MSGSEND = YES;
				GCC_C_LANGUAGE_STANDARD = gnu11;
				GCC_NO_COMMON_BLOCKS = YES;
				GCC_WARN_64_TO_32_BIT_CONVERSION = YES;
				GCC_WARN_ABOUT_RETURN_TYPE = YES_ERROR;
				GCC_WARN_UNDECLARED_SELECTOR = YES;
				GCC_WARN_UNINITIALIZED_AUTOS = YES_AGGRESSIVE;
				GCC_WARN_UNUSED_FUNCTION = YES;
				GCC_WARN_UNUSED_VARIABLE = YES;
				IPHONEOS_DEPLOYMENT_TARGET = 12.1;
				MTL_ENABLE_DEBUG_INFO = NO;
				MTL_FAST_MATH = YES;
				SDKROOT = iphoneos;
				VALIDATE_PRODUCT = YES;
			};
			name = Release;
		};
		BC6BD99C2231A620000EEF25 /* Debug */ = {
			isa = XCBuildConfiguration;
			buildSettings = {
				ASSETCATALOG_COMPILER_APPICON_NAME = AppIcon;
				CODE_SIGN_STYLE = Automatic;
				DEVELOPMENT_TEAM = 9UQB57TUFA;
				INFOPLIST_FILE = MemeOrTrumpGame/Info.plist;
				LD_RUNPATH_SEARCH_PATHS = (
					"$(inherited)",
					"@executable_path/Frameworks",
				);
				PRODUCT_BUNDLE_IDENTIFIER = Cho.Inc.MemeOrTrumpGame;
				PRODUCT_NAME = "$(TARGET_NAME)";
				TARGETED_DEVICE_FAMILY = "1,2";
			};
			name = Debug;
		};
		BC6BD99D2231A620000EEF25 /* Release */ = {
			isa = XCBuildConfiguration;
			buildSettings = {
				ASSETCATALOG_COMPILER_APPICON_NAME = AppIcon;
				CODE_SIGN_STYLE = Automatic;
				DEVELOPMENT_TEAM = 9UQB57TUFA;
				INFOPLIST_FILE = MemeOrTrumpGame/Info.plist;
				LD_RUNPATH_SEARCH_PATHS = (
					"$(inherited)",
					"@executable_path/Frameworks",
				);
				PRODUCT_BUNDLE_IDENTIFIER = Cho.Inc.MemeOrTrumpGame;
				PRODUCT_NAME = "$(TARGET_NAME)";
				TARGETED_DEVICE_FAMILY = "1,2";
			};
			name = Release;
		};
/* End XCBuildConfiguration section */

/* Begin XCConfigurationList section */
		BC6BD9802231A61B000EEF25 /* Build configuration list for PBXProject "MemeOrTrumpGame" */ = {
			isa = XCConfigurationList;
			buildConfigurations = (
				BC6BD9992231A620000EEF25 /* Debug */,
				BC6BD99A2231A620000EEF25 /* Release */,
			);
			defaultConfigurationIsVisible = 0;
			defaultConfigurationName = Release;
		};
		BC6BD99B2231A620000EEF25 /* Build configuration list for PBXNativeTarget "MemeOrTrumpGame" */ = {
			isa = XCConfigurationList;
			buildConfigurations = (
				BC6BD99C2231A620000EEF25 /* Debug */,
				BC6BD99D2231A620000EEF25 /* Release */,
			);
			defaultConfigurationIsVisible = 0;
			defaultConfigurationName = Release;
		};
/* End XCConfigurationList section */
	};
	rootObject = BC6BD97D2231A61B000EEF25 /* Project object */;
}
